
Microsoft Visual Studio Solution File, Format Version 12.00
# Visual Studio 15
VisualStudioVersion = 15.0.27703.2042
MinimumVisualStudioVersion = 10.0.40219.1
Project("{9A19103F-16F7-4668-BE54-9A1E7A4F7556}") = "NumbersGenerator", "Producer\NumbersGenerator.csproj", "{82456F14-FD9E-482E-AA51-7D20699BE2E5}"
EndProject
Global
	GlobalSection(SolutionConfigurationPlatforms) = preSolution
		Debug|Any CPU = Debug|Any CPU
		Release|Any CPU = Release|Any CPU
	EndGlobalSection
	GlobalSection(ProjectConfigurationPlatforms) = postSolution
		{82456F14-FD9E-482E-AA51-7D20699BE2E5}.Debug|Any CPU.ActiveCfg = Debug|Any CPU
		{82456F14-FD9E-482E-AA51-7D20699BE2E5}.Debug|Any CPU.Build.0 = Debug|Any CPU
		{82456F14-FD9E-482E-AA51-7D20699BE2E5}.Release|Any CPU.ActiveCfg = Release|Any CPU
		{82456F14-FD9E-482E-AA51-7D20699BE2E5}.Release|Any CPU.Build.0 = Release|Any CPU
	EndGlobalSection
	GlobalSection(SolutionProperties) = preSolution
		HideSolutionNode = FALSE
	EndGlobalSection
	GlobalSection(ExtensibilityGlobals) = postSolution
		SolutionGuid = {09638A28-564B-47C3-9A98-762374E9337D}
	EndGlobalSection
EndGlobal
